
Microsoft Visual Studio Solution File, Format Version 12.00
# Visual Studio Version 17
VisualStudioVersion = 17.10.34916.146
MinimumVisualStudioVersion = 10.0.40219.1
Project("{FAE04EC0-301F-11D3-BF4B-00C04F79EFBC}") = "Dukan", "Dukan\Dukan.csproj", "{EF644867-8824-4AC3-A283-C8C7CA3BC59F}"
EndProject
Global
	GlobalSection(SolutionConfigurationPlatforms) = preSolution
		Debug|Any CPU = Debug|Any CPU
		Release|Any CPU = Release|Any CPU
	EndGlobalSection
	GlobalSection(ProjectConfigurationPlatforms) = postSolution
		{EF644867-8824-4AC3-A283-C8C7CA3BC59F}.Debug|Any CPU.ActiveCfg = Debug|Any CPU
		{EF644867-8824-4AC3-A283-C8C7CA3BC59F}.Debug|Any CPU.Build.0 = Debug|Any CPU
		{EF644867-8824-4AC3-A283-C8C7CA3BC59F}.Release|Any CPU.ActiveCfg = Release|Any CPU
		{EF644867-8824-4AC3-A283-C8C7CA3BC59F}.Release|Any CPU.Build.0 = Release|Any CPU
	EndGlobalSection
	GlobalSection(SolutionProperties) = preSolution
		HideSolutionNode = FALSE
	EndGlobalSection
	GlobalSection(ExtensibilityGlobals) = postSolution
		SolutionGuid = {06B87BE8-ED20-4A6C-A7CC-09175A2364B8}
	EndGlobalSection
EndGlobal
